
Microsoft Visual Studio Solution File, Format Version 12.00
# Visual Studio Version 16
VisualStudioVersion = 16.0.31402.337
MinimumVisualStudioVersion = 10.0.40219.1
Project("{FAE04EC0-301F-11D3-BF4B-00C04F79EFBC}") = "Exercise1", "Exercise1\Exercise1.csproj", "{76689BFA-A429-4AC5-9BD4-ABADB6042328}"
EndProject
Project("{FAE04EC0-301F-11D3-BF4B-00C04F79EFBC}") = "Exercise2", "Exercise2\Exercise2.csproj", "{983F74DB-0564-475D-A49F-E5F4833DB2DF}"
EndProject
Project("{FAE04EC0-301F-11D3-BF4B-00C04F79EFBC}") = "Exercise3", "Exercise3\Exercise3.csproj", "{A47CB4BA-2C66-4C39-9A88-73E18E1FCE62}"
EndProject
Project("{FAE04EC0-301F-11D3-BF4B-00C04F79EFBC}") = "Exercise4", "Exercise4\Exercise4.csproj", "{5A17285D-C532-4EC4-9A6B-4E6046BB0344}"
EndProject
Project("{FAE04EC0-301F-11D3-BF4B-00C04F79EFBC}") = "Exercise5", "Exercise5\Exercise5.csproj", "{538E9A48-B15A-4DC4-AC7A-32048E71BA2A}"
EndProject
Global
	GlobalSection(SolutionConfigurationPlatforms) = preSolution
		Debug|Any CPU = Debug|Any CPU
		Release|Any CPU = Release|Any CPU
	EndGlobalSection
	GlobalSection(ProjectConfigurationPlatforms) = postSolution
		{76689BFA-A429-4AC5-9BD4-ABADB6042328}.Debug|Any CPU.ActiveCfg = Debug|Any CPU
		{76689BFA-A429-4AC5-9BD4-ABADB6042328}.Debug|Any CPU.Build.0 = Debug|Any CPU
		{76689BFA-A429-4AC5-9BD4-ABADB6042328}.Release|Any CPU.ActiveCfg = Release|Any CPU
		{76689BFA-A429-4AC5-9BD4-ABADB6042328}.Release|Any CPU.Build.0 = Release|Any CPU
		{983F74DB-0564-475D-A49F-E5F4833DB2DF}.Debug|Any CPU.ActiveCfg = Debug|Any CPU
		{983F74DB-0564-475D-A49F-E5F4833DB2DF}.Debug|Any CPU.Build.0 = Debug|Any CPU
		{983F74DB-0564-475D-A49F-E5F4833DB2DF}.Release|Any CPU.ActiveCfg = Release|Any CPU
		{983F74DB-0564-475D-A49F-E5F4833DB2DF}.Release|Any CPU.Build.0 = Release|Any CPU
		{A47CB4BA-2C66-4C39-9A88-73E18E1FCE62}.Debug|Any CPU.ActiveCfg = Debug|Any CPU
		{A47CB4BA-2C66-4C39-9A88-73E18E1FCE62}.Debug|Any CPU.Build.0 = Debug|Any CPU
		{A47CB4BA-2C66-4C39-9A88-73E18E1FCE62}.Release|Any CPU.ActiveCfg = Release|Any CPU
		{A47CB4BA-2C66-4C39-9A88-73E18E1FCE62}.Release|Any CPU.Build.0 = Release|Any CPU
		{5A17285D-C532-4EC4-9A6B-4E6046BB0344}.Debug|Any CPU.ActiveCfg = Debug|Any CPU
		{5A17285D-C532-4EC4-9A6B-4E6046BB0344}.Debug|Any CPU.Build.0 = Debug|Any CPU
		{5A17285D-C532-4EC4-9A6B-4E6046BB0344}.Release|Any CPU.ActiveCfg = Release|Any CPU
		{5A17285D-C532-4EC4-9A6B-4E6046BB0344}.Release|Any CPU.Build.0 = Release|Any CPU
		{538E9A48-B15A-4DC4-AC7A-32048E71BA2A}.Debug|Any CPU.ActiveCfg = Debug|Any CPU
		{538E9A48-B15A-4DC4-AC7A-32048E71BA2A}.Debug|Any CPU.Build.0 = Debug|Any CPU
		{538E9A48-B15A-4DC4-AC7A-32048E71BA2A}.Release|Any CPU.ActiveCfg = Release|Any CPU
		{538E9A48-B15A-4DC4-AC7A-32048E71BA2A}.Release|Any CPU.Build.0 = Release|Any CPU
	EndGlobalSection
	GlobalSection(SolutionProperties) = preSolution
		HideSolutionNode = FALSE
	EndGlobalSection
	GlobalSection(ExtensibilityGlobals) = postSolution
		SolutionGuid = {C567C225-5DC7-47E0-B9DC-7C2125F72389}
	EndGlobalSection
EndGlobal
